
Microsoft Visual Studio Solution File, Format Version 12.00
# Visual Studio Version 17
VisualStudioVersion = 17.14.36127.28 d17.14
MinimumVisualStudioVersion = 10.0.40219.1
Project("{FAE04EC0-301F-11D3-BF4B-00C04F79EFBC}") = "Calculator", "Calculator.csproj", "{B9FADF6C-3FA8-42BA-AE45-C4C493C57407}"
EndProject
Global
	GlobalSection(SolutionConfigurationPlatforms) = preSolution
		Debug|Any CPU = Debug|Any CPU
		Release|Any CPU = Release|Any CPU
	EndGlobalSection
	GlobalSection(ProjectConfigurationPlatforms) = postSolution
		{B9FADF6C-3FA8-42BA-AE45-C4C493C57407}.Debug|Any CPU.ActiveCfg = Debug|Any CPU
		{B9FADF6C-3FA8-42BA-AE45-C4C493C57407}.Debug|Any CPU.Build.0 = Debug|Any CPU
		{B9FADF6C-3FA8-42BA-AE45-C4C493C57407}.Release|Any CPU.ActiveCfg = Release|Any CPU
		{B9FADF6C-3FA8-42BA-AE45-C4C493C57407}.Release|Any CPU.Build.0 = Release|Any CPU
	EndGlobalSection
	GlobalSection(SolutionProperties) = preSolution
		HideSolutionNode = FALSE
	EndGlobalSection
	GlobalSection(ExtensibilityGlobals) = postSolution
		SolutionGuid = {C1867F81-F680-4F62-A678-D4770937B33D}
	EndGlobalSection
EndGlobal
